// !$*UTF8*$!
{
	archiveVersion = 1;
	classes = {
	};
	objectVersion = 46;
	objects = {

/* Begin PBXBuildFile section */
		B4F2D7FA1E5362D5006CBE11 /* AppDelegate.swift in Sources */ = {isa = PBXBuildFile; fileRef = B4F2D7F91E5362D5006CBE11 /* AppDelegate.swift */; };
		B4F2D7FC1E5362D5006CBE11 /* ViewController.swift in Sources */ = {isa = PBXBuildFile; fileRef = B4F2D7FB1E5362D5006CBE11 /* ViewController.swift */; };
		B4F2D7FF1E5362D5006CBE11 /* Main.storyboard in Resources */ = {isa = PBXBuildFile; fileRef = B4F2D7FD1E5362D5006CBE11 /* Main.storyboard */; };
		B4F2D8011E5362D5006CBE11 /* Assets.xcassets in Resources */ = {isa = PBXBuildFile; fileRef = B4F2D8001E5362D5006CBE11 /* Assets.xcassets */; };
		B4F2D8041E5362D5006CBE11 /* LaunchScreen.storyboard in Resources */ = {isa = PBXBuildFile; fileRef = B4F2D8021E5362D5006CBE11 /* LaunchScreen.storyboard */; };
/* End PBXBuildFile section */

/* Begin PBXFileReference section */
		B4F2D7F61E5362D5006CBE11 /* oversea_wedding.app */ = {isa = PBXFileReference; explicitFileType = wrapper.application; includeInIndex = 0; path = oversea_wedding.app; sourceTree = BUILT_PRODUCTS_DIR; };
		B4F2D7F91E5362D5006CBE11 /* AppDelegate.swift */ = {isa = PBXFileReference; lastKnownFileType = sourcecode.swift; path = AppDelegate.swift; sourceTree = "<group>"; };
		B4F2D7FB1E5362D5006CBE11 /* ViewController.swift */ = {isa = PBXFileReference; lastKnownFileType = sourcecode.swift; path = ViewController.swift; sourceTree = "<group>"; };
		B4F2D7FE1E5362D5006CBE11 /* Base */ = {isa = PBXFileReference; lastKnownFileType = file.storyboard; name = Base; path = Base.lproj/Main.storyboard; sourceTree = "<group>"; };
		B4F2D8001E5362D5006CBE11 /* Assets.xcassets */ = {isa = PBXFileReference; lastKnownFileType = folder.assetcatalog; path = Assets.xcassets; sourceTree = "<group>"; };
		B4F2D8031E5362D5006CBE11 /* Base */ = {isa = PBXFileReference; lastKnownFileType = file.storyboard; name = Base; path = Base.lproj/LaunchScreen.storyboard; sourceTree = "<group>"; };
		B4F2D8051E5362D5006CBE11 /* Info.plist */ = {isa = PBXFileReference; lastKnownFileType = text.plist.xml; path = Info.plist; sourceTree = "<group>"; };
/* End PBXFileReference section */

/* Begin PBXFrameworksBuildPhase section */
		B4F2D7F31E5362D4006CBE11 /* Frameworks */ = {
			isa = PBXFrameworksBuildPhase;
			buildActionMask = 2147483647;
			files = (
			);
			runOnlyForDeploymentPostprocessing = 0;
		};
/* End PBXFrameworksBuildPhase section */

/* Begin PBXGroup section */
		B4F2D7ED1E5362D4006CBE11 = {
			isa = PBXGroup;
			children = (
				B4F2D7F81E5362D5006CBE11 /* oversea_wedding */,
				B4F2D7F71E5362D5006CBE11 /* Products */,
			);
			sourceTree = "<group>";
		};
		B4F2D7F71E5362D5006CBE11 /* Products */ = {
			isa = PBXGroup;
			children = (
				B4F2D7F61E5362D5006CBE11 /* oversea_wedding.app */,
			);
			name = Products;
			sourceTree = "<group>";
		};
		B4F2D7F81E5362D5006CBE11 /* oversea_wedding */ = {
			isa = PBXGroup;
			children = (
				B4F2D7F91E5362D5006CBE11 /* AppDelegate.swift */,
				B4F2D7FB1E5362D5006CBE11 /* ViewController.swift */,
				B4F2D7FD1E5362D5006CBE11 /* Main.storyboard */,
				B4F2D8001E5362D5006CBE11 /* Assets.xcassets */,
				B4F2D8021E5362D5006CBE11 /* LaunchScreen.storyboard */,
				B4F2D8051E5362D5006CBE11 /* Info.plist */,
			);
			path = oversea_wedding;
			sourceTree = "<group>";
		};
/* End PBXGroup section */

/* Begin PBXNativeTarget section */
		B4F2D7F51E5362D4006CBE11 /* oversea_wedding */ = {
			isa = PBXNativeTarget;
			buildConfigurationList = B4F2D8081E5362D5006CBE11 /* Build configuration list for PBXNativeTarget "oversea_wedding" */;
			buildPhases = (
				B4F2D7F21E5362D4006CBE11 /* Sources */,
				B4F2D7F31E5362D4006CBE11 /* Frameworks */,
				B4F2D7F41E5362D4006CBE11 /* Resources */,
			);
			buildRules = (
			);
			dependencies = (
			);
			name = oversea_wedding;
			productName = oversea_wedding;
			productReference = B4F2D7F61E5362D5006CBE11 /* oversea_wedding.app */;
			productType = "com.apple.product-type.application";
		};
/* End PBXNativeTarget section */

/* Begin PBXProject section */
		B4F2D7EE1E5362D4006CBE11 /* Project object */ = {
			isa = PBXProject;
			attributes = {
				LastSwiftUpdateCheck = 0820;
				LastUpgradeCheck = 0820;
				ORGANIZATIONNAME = clai;
				TargetAttributes = {
					B4F2D7F51E5362D4006CBE11 = {
						CreatedOnToolsVersion = 8.2.1;
						ProvisioningStyle = Automatic;
					};
				};
			};
			buildConfigurationList = B4F2D7F11E5362D4006CBE11 /* Build configuration list for PBXProject "oversea_wedding" */;
			compatibilityVersion = "Xcode 3.2";
			developmentRegion = English;
			hasScannedForEncodings = 0;
			knownRegions = (
				en,
				Base,
			);
			mainGroup = B4F2D7ED1E5362D4006CBE11;
			productRefGroup = B4F2D7F71E5362D5006CBE11 /* Products */;
			projectDirPath = "";
			projectRoot = "";
			targets = (
				B4F2D7F51E5362D4006CBE11 /* oversea_wedding */,
			);
		};
/* End PBXProject section */

/* Begin PBXResourcesBuildPhase section */
		B4F2D7F41E5362D4006CBE11 /* Resources */ = {
			isa = PBXResourcesBuildPhase;
			buildActionMask = 2147483647;
			files = (
				B4F2D8041E5362D5006CBE11 /* LaunchScreen.storyboard in Resources */,
				B4F2D8011E5362D5006CBE11 /* Assets.xcassets in Resources */,
				B4F2D7FF1E5362D5006CBE11 /* Main.storyboard in Resources */,
			);
			runOnlyForDeploymentPostprocessing = 0;
		};
/* End PBXResourcesBuildPhase section */

/* Begin PBXSourcesBuildPhase section */
		B4F2D7F21E5362D4006CBE11 /* Sources */ = {
			isa = PBXSourcesBuildPhase;
			buildActionMask = 2147483647;
			files = (
				B4F2D7FC1E5362D5006CBE11 /* ViewController.swift in Sources */,
				B4F2D7FA1E5362D5006CBE11 /* AppDelegate.swift in Sources */,
			);
			runOnlyForDeploymentPostprocessing = 0;
		};
/* End PBXSourcesBuildPhase section */

/* Begin PBXVariantGroup section */
		B4F2D7FD1E5362D5006CBE11 /* Main.storyboard */ = {
			isa = PBXVariantGroup;
			children = (
				B4F2D7FE1E5362D5006CBE11 /* Base */,
			);
			name = Main.storyboard;
			sourceTree = "<group>";
		};
		B4F2D8021E5362D5006CBE11 /* LaunchScreen.storyboard */ = {
			isa = PBXVariantGroup;
			children = (
				B4F2D8031E5362D5006CBE11 /* Base */,
			);
			name = LaunchScreen.storyboard;
			sourceTree = "<group>";
		};
/* End PBXVariantGroup section */

/* Begin XCBuildConfiguration section */
		B4F2D8061E5362D5006CBE11 /* Debug */ = {
			isa = XCBuildConfiguration;
			buildSettings = {
				ALWAYS_SEARCH_USER_PATHS = NO;
				CLANG_ANALYZER_NONNULL = YES;
				CLANG_CXX_LANGUAGE_STANDARD = "gnu++0x";
				CLANG_CXX_LIBRARY = "libc++";
				CLANG_ENABLE_MODULES = YES;
				CLANG_ENABLE_OBJC_ARC = YES;
				CLANG_WARN_BOOL_CONVERSION = YES;
				CLANG_WARN_CONSTANT_CONVERSION = YES;
				CLANG_WARN_DIRECT_OBJC_ISA_USAGE = YES_ERROR;
				CLANG_WARN_DOCUMENTATION_COMMENTS = YES;
				CLANG_WARN_EMPTY_BODY = YES;
				CLANG_WARN_ENUM_CONVERSION = YES;
				CLANG_WARN_INFINITE_RECURSION = YES;
				CLANG_WARN_INT_CONVERSION = YES;
				CLANG_WARN_OBJC_ROOT_CLASS = YES_ERROR;
				CLANG_WARN_SUSPICIOUS_MOVE = YES;
				CLANG_WARN_UNREACHABLE_CODE = YES;
				CLANG_WARN__DUPLICATE_METHOD_MATCH = YES;
				"CODE_SIGN_IDENTITY[sdk=iphoneos*]" = "iPhone Developer";
				COPY_PHASE_STRIP = NO;
				DEBUG_INFORMATION_FORMAT = dwarf;
				ENABLE_STRICT_OBJC_MSGSEND = YES;
				ENABLE_TESTABILITY = YES;
				GCC_C_LANGUAGE_STANDARD = gnu99;
				GCC_DYNAMIC_NO_PIC = NO;
				GCC_NO_COMMON_BLOCKS = YES;
				GCC_OPTIMIZATION_LEVEL = 0;
				GCC_PREPROCESSOR_DEFINITIONS = (
					"DEBUG=1",
					"$(inherited)",
				);
				GCC_WARN_64_TO_32_BIT_CONVERSION = YES;
				GCC_WARN_ABOUT_RETURN_TYPE = YES_ERROR;
				GCC_WARN_UNDECLARED_SELECTOR = YES;
				GCC_WARN_UNINITIALIZED_AUTOS = YES_AGGRESSIVE;
				GCC_WARN_UNUSED_FUNCTION = YES;
				GCC_WARN_UNUSED_VARIABLE = YES;
				IPHONEOS_DEPLOYMENT_TARGET = 10.2;
				MTL_ENABLE_DEBUG_INFO = YES;
				ONLY_ACTIVE_ARCH = YES;
				SDKROOT = iphoneos;
				SWIFT_ACTIVE_COMPILATION_CONDITIONS = DEBUG;
				SWIFT_OPTIMIZATION_LEVEL = "-Onone";
			};
			name = Debug;
		};
		B4F2D8071E5362D5006CBE11 /* Release */ = {
			isa = XCBuildConfiguration;
			buildSettings = {
				ALWAYS_SEARCH_USER_PATHS = NO;
				CLANG_ANALYZER_NONNULL = YES;
				CLANG_CXX_LANGUAGE_STANDARD = "gnu++0x";
				CLANG_CXX_LIBRARY = "libc++";
				CLANG_ENABLE_MODULES = YES;
				CLANG_ENABLE_OBJC_ARC = YES;
				CLANG_WARN_BOOL_CONVERSION = YES;
				CLANG_WARN_CONSTANT_CONVERSION = YES;
				CLANG_WARN_DIRECT_OBJC_ISA_USAGE = YES_ERROR;
				CLANG_WARN_DOCUMENTATION_COMMENTS = YES;
				CLANG_WARN_EMPTY_BODY = YES;
				CLANG_WARN_ENUM_CONVERSION = YES;
				CLANG_WARN_INFINITE_RECURSION = YES;
				CLANG_WARN_INT_CONVERSION = YES;
				CLANG_WARN_OBJC_ROOT_CLASS = YES_ERROR;
				CLANG_WARN_SUSPICIOUS_MOVE = YES;
				CLANG_WARN_UNREACHABLE_CODE = YES;
				CLANG_WARN__DUPLICATE_METHOD_MATCH = YES;
				"CODE_SIGN_IDENTITY[sdk=iphoneos*]" = "iPhone Developer";
				COPY_PHASE_STRIP = NO;
				DEBUG_INFORMATION_FORMAT = "dwarf-with-dsym";
				ENABLE_NS_ASSERTIONS = NO;
				ENABLE_STRICT_OBJC_MSGSEND = YES;
				GCC_C_LANGUAGE_STANDARD = gnu99;
				GCC_NO_COMMON_BLOCKS = YES;
				GCC_WARN_64_TO_32_BIT_CONVERSION = YES;
				GCC_WARN_ABOUT_RETURN_TYPE = YES_ERROR;
				GCC_WARN_UNDECLARED_SELECTOR = YES;
				GCC_WARN_UNINITIALIZED_AUTOS = YES_AGGRESSIVE;
				GCC_WARN_UNUSED_FUNCTION = YES;
				GCC_WARN_UNUSED_VARIABLE = YES;
				IPHONEOS_DEPLOYMENT_TARGET = 10.2;
				MTL_ENABLE_DEBUG_INFO = NO;
				SDKROOT = iphoneos;
				SWIFT_OPTIMIZATION_LEVEL = "-Owholemodule";
				VALIDATE_PRODUCT = YES;
			};
			name = Release;
		};
		B4F2D8091E5362D5006CBE11 /* Debug */ = {
			isa = XCBuildConfiguration;
			buildSettings = {
				ASSETCATALOG_COMPILER_APPICON_NAME = AppIcon;
				INFOPLIST_FILE = oversea_wedding/Info.plist;
				LD_RUNPATH_SEARCH_PATHS = "$(inherited) @executable_path/Frameworks";
				PRODUCT_BUNDLE_IDENTIFIER = "com.clai.oversea-wedding";
				PRODUCT_NAME = "$(TARGET_NAME)";
				SWIFT_VERSION = 3.0;
			};
			name = Debug;
		};
		B4F2D80A1E5362D5006CBE11 /* Release */ = {
			isa = XCBuildConfiguration;
			buildSettings = {
				ASSETCATALOG_COMPILER_APPICON_NAME = AppIcon;
				INFOPLIST_FILE = oversea_wedding/Info.plist;
				LD_RUNPATH_SEARCH_PATHS = "$(inherited) @executable_path/Frameworks";
				PRODUCT_BUNDLE_IDENTIFIER = "com.clai.oversea-wedding";
				PRODUCT_NAME = "$(TARGET_NAME)";
				SWIFT_VERSION = 3.0;
			};
			name = Release;
		};
/* End XCBuildConfiguration section */

/* Begin XCConfigurationList section */
		B4F2D7F11E5362D4006CBE11 /* Build configuration list for PBXProject "oversea_wedding" */ = {
			isa = XCConfigurationList;
			buildConfigurations = (
				B4F2D8061E5362D5006CBE11 /* Debug */,
				B4F2D8071E5362D5006CBE11 /* Release */,
			);
			defaultConfigurationIsVisible = 0;
			defaultConfigurationName = Release;
		};
		B4F2D8081E5362D5006CBE11 /* Build configuration list for PBXNativeTarget "oversea_wedding" */ = {
			isa = XCConfigurationList;
			buildConfigurations = (
				B4F2D8091E5362D5006CBE11 /* Debug */,
				B4F2D80A1E5362D5006CBE11 /* Release */,
			);
			defaultConfigurationIsVisible = 0;
		};
/* End XCConfigurationList section */
	};
	rootObject = B4F2D7EE1E5362D4006CBE11 /* Project object */;
}
